
Microsoft Visual Studio Solution File, Format Version 12.00
# Visual Studio 15
VisualStudioVersion = 15.0.26430.6
MinimumVisualStudioVersion = 10.0.40219.1
Project("{FAE04EC0-301F-11D3-BF4B-00C04F79EFBC}") = "SkiaSharpPainting.Android", "SkiaSharpPainting\SkiaSharpPainting.Android\SkiaSharpPainting.Android.csproj", "{C8C8439C-0385-4B29-81F9-5FDDC5D8F737}"
EndProject
Project("{FAE04EC0-301F-11D3-BF4B-00C04F79EFBC}") = "SkiaSharpPainting", "SkiaSharpPainting\SkiaSharpPainting\SkiaSharpPainting.csproj", "{22E1B0A7-CE05-456E-AE9C-5E74807B66CD}"
EndProject
Project("{FAE04EC0-301F-11D3-BF4B-00C04F79EFBC}") = "SkiaSharpPainting.iOS", "SkiaSharpPainting\SkiaSharpPainting.iOS\SkiaSharpPainting.iOS.csproj", "{CA5FAF3E-0392-4A4D-9BE7-A186F4D37AC2}"
EndProject
Global
	GlobalSection(SolutionConfigurationPlatforms) = preSolution
		Ad-Hoc|Any CPU = Ad-Hoc|Any CPU
		Ad-Hoc|ARM = Ad-Hoc|ARM
		Ad-Hoc|iPhone = Ad-Hoc|iPhone
		Ad-Hoc|iPhoneSimulator = Ad-Hoc|iPhoneSimulator
		Ad-Hoc|x64 = Ad-Hoc|x64
		Ad-Hoc|x86 = Ad-Hoc|x86
		AppStore|Any CPU = AppStore|Any CPU
		AppStore|ARM = AppStore|ARM
		AppStore|iPhone = AppStore|iPhone
		AppStore|iPhoneSimulator = AppStore|iPhoneSimulator
		AppStore|x64 = AppStore|x64
		AppStore|x86 = AppStore|x86
		Debug|Any CPU = Debug|Any CPU
		Debug|ARM = Debug|ARM
		Debug|iPhone = Debug|iPhone
		Debug|iPhoneSimulator = Debug|iPhoneSimulator
		Debug|x64 = Debug|x64
		Debug|x86 = Debug|x86
		Release|Any CPU = Release|Any CPU
		Release|ARM = Release|ARM
		Release|iPhone = Release|iPhone
		Release|iPhoneSimulator = Release|iPhoneSimulator
		Release|x64 = Release|x64
		Release|x86 = Release|x86
	EndGlobalSection
	GlobalSection(ProjectConfigurationPlatforms) = postSolution
		{C8C8439C-0385-4B29-81F9-5FDDC5D8F737}.Ad-Hoc|Any CPU.ActiveCfg = Release|Any CPU
		{C8C8439C-0385-4B29-81F9-5FDDC5D8F737}.Ad-Hoc|Any CPU.Build.0 = Release|Any CPU
		{C8C8439C-0385-4B29-81F9-5FDDC5D8F737}.Ad-Hoc|Any CPU.Deploy.0 = Release|Any CPU
		{C8C8439C-0385-4B29-81F9-5FDDC5D8F737}.Ad-Hoc|ARM.ActiveCfg = Release|Any CPU
		{C8C8439C-0385-4B29-81F9-5FDDC5D8F737}.Ad-Hoc|ARM.Build.0 = Release|Any CPU
		{C8C8439C-0385-4B29-81F9-5FDDC5D8F737}.Ad-Hoc|ARM.Deploy.0 = Release|Any CPU
		{C8C8439C-0385-4B29-81F9-5FDDC5D8F737}.Ad-Hoc|iPhone.ActiveCfg = Release|Any CPU
		{C8C8439C-0385-4B29-81F9-5FDDC5D8F737}.Ad-Hoc|iPhone.Build.0 = Release|Any CPU
		{C8C8439C-0385-4B29-81F9-5FDDC5D8F737}.Ad-Hoc|iPhone.Deploy.0 = Release|Any CPU
		{C8C8439C-0385-4B29-81F9-5FDDC5D8F737}.Ad-Hoc|iPhoneSimulator.ActiveCfg = Release|Any CPU
		{C8C8439C-0385-4B29-81F9-5FDDC5D8F737}.Ad-Hoc|iPhoneSimulator.Build.0 = Release|Any CPU
		{C8C8439C-0385-4B29-81F9-5FDDC5D8F737}.Ad-Hoc|iPhoneSimulator.Deploy.0 = Release|Any CPU
		{C8C8439C-0385-4B29-81F9-5FDDC5D8F737}.Ad-Hoc|x64.ActiveCfg = Release|Any CPU
		{C8C8439C-0385-4B29-81F9-5FDDC5D8F737}.Ad-Hoc|x64.Build.0 = Release|Any CPU
		{C8C8439C-0385-4B29-81F9-5FDDC5D8F737}.Ad-Hoc|x64.Deploy.0 = Release|Any CPU
		{C8C8439C-0385-4B29-81F9-5FDDC5D8F737}.Ad-Hoc|x86.ActiveCfg = Release|Any CPU
		{C8C8439C-0385-4B29-81F9-5FDDC5D8F737}.Ad-Hoc|x86.Build.0 = Release|Any CPU
		{C8C8439C-0385-4B29-81F9-5FDDC5D8F737}.Ad-Hoc|x86.Deploy.0 = Release|Any CPU
		{C8C8439C-0385-4B29-81F9-5FDDC5D8F737}.AppStore|Any CPU.ActiveCfg = Release|Any CPU
		{C8C8439C-0385-4B29-81F9-5FDDC5D8F737}.AppStore|Any CPU.Build.0 = Release|Any CPU
		{C8C8439C-0385-4B29-81F9-5FDDC5D8F737}.AppStore|Any CPU.Deploy.0 = Release|Any CPU
		{C8C8439C-0385-4B29-81F9-5FDDC5D8F737}.AppStore|ARM.ActiveCfg = Release|Any CPU
		{C8C8439C-0385-4B29-81F9-5FDDC5D8F737}.AppStore|ARM.Build.0 = Release|Any CPU
		{C8C8439C-0385-4B29-81F9-5FDDC5D8F737}.AppStore|ARM.Deploy.0 = Release|Any CPU
		{C8C8439C-0385-4B29-81F9-5FDDC5D8F737}.AppStore|iPhone.ActiveCfg = Release|Any CPU
		{C8C8439C-0385-4B29-81F9-5FDDC5D8F737}.AppStore|iPhone.Build.0 = Release|Any CPU
		{C8C8439C-0385-4B29-81F9-5FDDC5D8F737}.AppStore|iPhone.Deploy.0 = Release|Any CPU
		{C8C8439C-0385-4B29-81F9-5FDDC5D8F737}.AppStore|iPhoneSimulator.ActiveCfg = Release|Any CPU
		{C8C8439C-0385-4B29-81F9-5FDDC5D8F737}.AppStore|iPhoneSimulator.Build.0 = Release|Any CPU
		{C8C8439C-0385-4B29-81F9-5FDDC5D8F737}.AppStore|iPhoneSimulator.Deploy.0 = Release|Any CPU
		{C8C8439C-0385-4B29-81F9-5FDDC5D8F737}.AppStore|x64.ActiveCfg = Release|Any CPU
		{C8C8439C-0385-4B29-81F9-5FDDC5D8F737}.AppStore|x64.Build.0 = Release|Any CPU
		{C8C8439C-0385-4B29-81F9-5FDDC5D8F737}.AppStore|x64.Deploy.0 = Release|Any CPU
		{C8C8439C-0385-4B29-81F9-5FDDC5D8F737}.AppStore|x86.ActiveCfg = Release|Any CPU
		{C8C8439C-0385-4B29-81F9-5FDDC5D8F737}.AppStore|x86.Build.0 = Release|Any CPU
		{C8C8439C-0385-4B29-81F9-5FDDC5D8F737}.AppStore|x86.Deploy.0 = Release|Any CPU
		{C8C8439C-0385-4B29-81F9-5FDDC5D8F737}.Debug|Any CPU.ActiveCfg = Debug|Any CPU
		{C8C8439C-0385-4B29-81F9-5FDDC5D8F737}.Debug|Any CPU.Build.0 = Debug|Any CPU
		{C8C8439C-0385-4B29-81F9-5FDDC5D8F737}.Debug|Any CPU.Deploy.0 = Debug|Any CPU
		{C8C8439C-0385-4B29-81F9-5FDDC5D8F737}.Debug|ARM.ActiveCfg = Debug|Any CPU
		{C8C8439C-0385-4B29-81F9-5FDDC5D8F737}.Debug|ARM.Build.0 = Debug|Any CPU
		{C8C8439C-0385-4B29-81F9-5FDDC5D8F737}.Debug|ARM.Deploy.0 = Debug|Any CPU
		{C8C8439C-0385-4B29-81F9-5FDDC5D8F737}.Debug|iPhone.ActiveCfg = Debug|Any CPU
		{C8C8439C-0385-4B29-81F9-5FDDC5D8F737}.Debug|iPhone.Build.0 = Debug|Any CPU
		{C8C8439C-0385-4B29-81F9-5FDDC5D8F737}.Debug|iPhone.Deploy.0 = Debug|Any CPU
		{C8C8439C-0385-4B29-81F9-5FDDC5D8F737}.Debug|iPhoneSimulator.ActiveCfg = Debug|Any CPU
		{C8C8439C-0385-4B29-81F9-5FDDC5D8F737}.Debug|iPhoneSimulator.Build.0 = Debug|Any CPU
		{C8C8439C-0385-4B29-81F9-5FDDC5D8F737}.Debug|iPhoneSimulator.Deploy.0 = Debug|Any CPU
		{C8C8439C-0385-4B29-81F9-5FDDC5D8F737}.Debug|x64.ActiveCfg = Debug|Any CPU
		{C8C8439C-0385-4B29-81F9-5FDDC5D8F737}.Debug|x64.Build.0 = Debug|Any CPU
		{C8C8439C-0385-4B29-81F9-5FDDC5D8F737}.Debug|x64.Deploy.0 = Debug|Any CPU
		{C8C8439C-0385-4B29-81F9-5FDDC5D8F737}.Debug|x86.ActiveCfg = Debug|Any CPU
		{C8C8439C-0385-4B29-81F9-5FDDC5D8F737}.Debug|x86.Build.0 = Debug|Any CPU
		{C8C8439C-0385-4B29-81F9-5FDDC5D8F737}.Debug|x86.Deploy.0 = Debug|Any CPU
		{C8C8439C-0385-4B29-81F9-5FDDC5D8F737}.Release|Any CPU.ActiveCfg = Release|Any CPU
		{C8C8439C-0385-4B29-81F9-5FDDC5D8F737}.Release|Any CPU.Build.0 = Release|Any CPU
		{C8C8439C-0385-4B29-81F9-5FDDC5D8F737}.Release|Any CPU.Deploy.0 = Release|Any CPU
		{C8C8439C-0385-4B29-81F9-5FDDC5D8F737}.Release|ARM.ActiveCfg = Release|Any CPU
		{C8C8439C-0385-4B29-81F9-5FDDC5D8F737}.Release|ARM.Build.0 = Release|Any CPU
		{C8C8439C-0385-4B29-81F9-5FDDC5D8F737}.Release|ARM.Deploy.0 = Release|Any CPU
		{C8C8439C-0385-4B29-81F9-5FDDC5D8F737}.Release|iPhone.ActiveCfg = Release|Any CPU
		{C8C8439C-0385-4B29-81F9-5FDDC5D8F737}.Release|iPhone.Build.0 = Release|Any CPU
		{C8C8439C-0385-4B29-81F9-5FDDC5D8F737}.Release|iPhone.Deploy.0 = Release|Any CPU
		{C8C8439C-0385-4B29-81F9-5FDDC5D8F737}.Release|iPhoneSimulator.ActiveCfg = Release|Any CPU
		{C8C8439C-0385-4B29-81F9-5FDDC5D8F737}.Release|iPhoneSimulator.Build.0 = Release|Any CPU
		{C8C8439C-0385-4B29-81F9-5FDDC5D8F737}.Release|iPhoneSimulator.Deploy.0 = Release|Any CPU
		{C8C8439C-0385-4B29-81F9-5FDDC5D8F737}.Release|x64.ActiveCfg = Release|Any CPU
		{C8C8439C-0385-4B29-81F9-5FDDC5D8F737}.Release|x64.Build.0 = Release|Any CPU
		{C8C8439C-0385-4B29-81F9-5FDDC5D8F737}.Release|x64.Deploy.0 = Release|Any CPU
		{C8C8439C-0385-4B29-81F9-5FDDC5D8F737}.Release|x86.ActiveCfg = Release|Any CPU
		{C8C8439C-0385-4B29-81F9-5FDDC5D8F737}.Release|x86.Build.0 = Release|Any CPU
		{C8C8439C-0385-4B29-81F9-5FDDC5D8F737}.Release|x86.Deploy.0 = Release|Any CPU
		{22E1B0A7-CE05-456E-AE9C-5E74807B66CD}.Ad-Hoc|Any CPU.ActiveCfg = Release|Any CPU
		{22E1B0A7-CE05-456E-AE9C-5E74807B66CD}.Ad-Hoc|Any CPU.Build.0 = Release|Any CPU
		{22E1B0A7-CE05-456E-AE9C-5E74807B66CD}.Ad-Hoc|ARM.ActiveCfg = Release|Any CPU
		{22E1B0A7-CE05-456E-AE9C-5E74807B66CD}.Ad-Hoc|ARM.Build.0 = Release|Any CPU
		{22E1B0A7-CE05-456E-AE9C-5E74807B66CD}.Ad-Hoc|iPhone.ActiveCfg = Release|Any CPU
		{22E1B0A7-CE05-456E-AE9C-5E74807B66CD}.Ad-Hoc|iPhone.Build.0 = Release|Any CPU
		{22E1B0A7-CE05-456E-AE9C-5E74807B66CD}.Ad-Hoc|iPhoneSimulator.ActiveCfg = Release|Any CPU
		{22E1B0A7-CE05-456E-AE9C-5E74807B66CD}.Ad-Hoc|iPhoneSimulator.Build.0 = Release|Any CPU
		{22E1B0A7-CE05-456E-AE9C-5E74807B66CD}.Ad-Hoc|x64.ActiveCfg = Release|Any CPU
		{22E1B0A7-CE05-456E-AE9C-5E74807B66CD}.Ad-Hoc|x64.Build.0 = Release|Any CPU
		{22E1B0A7-CE05-456E-AE9C-5E74807B66CD}.Ad-Hoc|x86.ActiveCfg = Release|Any CPU
		{22E1B0A7-CE05-456E-AE9C-5E74807B66CD}.Ad-Hoc|x86.Build.0 = Release|Any CPU
		{22E1B0A7-CE05-456E-AE9C-5E74807B66CD}.AppStore|Any CPU.ActiveCfg = Release|Any CPU
		{22E1B0A7-CE05-456E-AE9C-5E74807B66CD}.AppStore|Any CPU.Build.0 = Release|Any CPU
		{22E1B0A7-CE05-456E-AE9C-5E74807B66CD}.AppStore|ARM.ActiveCfg = Release|Any CPU
		{22E1B0A7-CE05-456E-AE9C-5E74807B66CD}.AppStore|ARM.Build.0 = Release|Any CPU
		{22E1B0A7-CE05-456E-AE9C-5E74807B66CD}.AppStore|iPhone.ActiveCfg = Release|Any CPU
		{22E1B0A7-CE05-456E-AE9C-5E74807B66CD}.AppStore|iPhone.Build.0 = Release|Any CPU
		{22E1B0A7-CE05-456E-AE9C-5E74807B66CD}.AppStore|iPhoneSimulator.ActiveCfg = Release|Any CPU
		{22E1B0A7-CE05-456E-AE9C-5E74807B66CD}.AppStore|iPhoneSimulator.Build.0 = Release|Any CPU
		{22E1B0A7-CE05-456E-AE9C-5E74807B66CD}.AppStore|x64.ActiveCfg = Release|Any CPU
		{22E1B0A7-CE05-456E-AE9C-5E74807B66CD}.AppStore|x64.Build.0 = Release|Any CPU
		{22E1B0A7-CE05-456E-AE9C-5E74807B66CD}.AppStore|x86.ActiveCfg = Release|Any CPU
		{22E1B0A7-CE05-456E-AE9C-5E74807B66CD}.AppStore|x86.Build.0 = Release|Any CPU
		{22E1B0A7-CE05-456E-AE9C-5E74807B66CD}.Debug|Any CPU.ActiveCfg = Debug|Any CPU
		{22E1B0A7-CE05-456E-AE9C-5E74807B66CD}.Debug|Any CPU.Build.0 = Debug|Any CPU
		{22E1B0A7-CE05-456E-AE9C-5E74807B66CD}.Debug|ARM.ActiveCfg = Debug|Any CPU
		{22E1B0A7-CE05-456E-AE9C-5E74807B66CD}.Debug|ARM.Build.0 = Debug|Any CPU
		{22E1B0A7-CE05-456E-AE9C-5E74807B66CD}.Debug|iPhone.ActiveCfg = Debug|Any CPU
		{22E1B0A7-CE05-456E-AE9C-5E74807B66CD}.Debug|iPhone.Build.0 = Debug|Any CPU
		{22E1B0A7-CE05-456E-AE9C-5E74807B66CD}.Debug|iPhoneSimulator.ActiveCfg = Debug|Any CPU
		{22E1B0A7-CE05-456E-AE9C-5E74807B66CD}.Debug|iPhoneSimulator.Build.0 = Debug|Any CPU
		{22E1B0A7-CE05-456E-AE9C-5E74807B66CD}.Debug|x64.ActiveCfg = Debug|Any CPU
		{22E1B0A7-CE05-456E-AE9C-5E74807B66CD}.Debug|x64.Build.0 = Debug|Any CPU
		{22E1B0A7-CE05-456E-AE9C-5E74807B66CD}.Debug|x86.ActiveCfg = Debug|Any CPU
		{22E1B0A7-CE05-456E-AE9C-5E74807B66CD}.Debug|x86.Build.0 = Debug|Any CPU
		{22E1B0A7-CE05-456E-AE9C-5E74807B66CD}.Release|Any CPU.ActiveCfg = Release|Any CPU
		{22E1B0A7-CE05-456E-AE9C-5E74807B66CD}.Release|Any CPU.Build.0 = Release|Any CPU
		{22E1B0A7-CE05-456E-AE9C-5E74807B66CD}.Release|ARM.ActiveCfg = Release|Any CPU
		{22E1B0A7-CE05-456E-AE9C-5E74807B66CD}.Release|ARM.Build.0 = Release|Any CPU
		{22E1B0A7-CE05-456E-AE9C-5E74807B66CD}.Release|iPhone.ActiveCfg = Release|Any CPU
		{22E1B0A7-CE05-456E-AE9C-5E74807B66CD}.Release|iPhone.Build.0 = Release|Any CPU
		{22E1B0A7-CE05-456E-AE9C-5E74807B66CD}.Release|iPhoneSimulator.ActiveCfg = Release|Any CPU
		{22E1B0A7-CE05-456E-AE9C-5E74807B66CD}.Release|iPhoneSimulator.Build.0 = Release|Any CPU
		{22E1B0A7-CE05-456E-AE9C-5E74807B66CD}.Release|x64.ActiveCfg = Release|Any CPU
		{22E1B0A7-CE05-456E-AE9C-5E74807B66CD}.Release|x64.Build.0 = Release|Any CPU
		{22E1B0A7-CE05-456E-AE9C-5E74807B66CD}.Release|x86.ActiveCfg = Release|Any CPU
		{22E1B0A7-CE05-456E-AE9C-5E74807B66CD}.Release|x86.Build.0 = Release|Any CPU
		{CA5FAF3E-0392-4A4D-9BE7-A186F4D37AC2}.Ad-Hoc|Any CPU.ActiveCfg = Ad-Hoc|iPhone
		{CA5FAF3E-0392-4A4D-9BE7-A186F4D37AC2}.Ad-Hoc|ARM.ActiveCfg = Ad-Hoc|iPhone
		{CA5FAF3E-0392-4A4D-9BE7-A186F4D37AC2}.Ad-Hoc|iPhone.ActiveCfg = Ad-Hoc|iPhone
		{CA5FAF3E-0392-4A4D-9BE7-A186F4D37AC2}.Ad-Hoc|iPhone.Build.0 = Ad-Hoc|iPhone
		{CA5FAF3E-0392-4A4D-9BE7-A186F4D37AC2}.Ad-Hoc|iPhoneSimulator.ActiveCfg = Ad-Hoc|iPhoneSimulator
		{CA5FAF3E-0392-4A4D-9BE7-A186F4D37AC2}.Ad-Hoc|iPhoneSimulator.Build.0 = Ad-Hoc|iPhoneSimulator
		{CA5FAF3E-0392-4A4D-9BE7-A186F4D37AC2}.Ad-Hoc|x64.ActiveCfg = Ad-Hoc|iPhone
		{CA5FAF3E-0392-4A4D-9BE7-A186F4D37AC2}.Ad-Hoc|x86.ActiveCfg = Ad-Hoc|iPhone
		{CA5FAF3E-0392-4A4D-9BE7-A186F4D37AC2}.AppStore|Any CPU.ActiveCfg = AppStore|iPhone
		{CA5FAF3E-0392-4A4D-9BE7-A186F4D37AC2}.AppStore|ARM.ActiveCfg = AppStore|iPhone
		{CA5FAF3E-0392-4A4D-9BE7-A186F4D37AC2}.AppStore|iPhone.ActiveCfg = AppStore|iPhone
		{CA5FAF3E-0392-4A4D-9BE7-A186F4D37AC2}.AppStore|iPhone.Build.0 = AppStore|iPhone
		{CA5FAF3E-0392-4A4D-9BE7-A186F4D37AC2}.AppStore|iPhoneSimulator.ActiveCfg = AppStore|iPhoneSimulator
		{CA5FAF3E-0392-4A4D-9BE7-A186F4D37AC2}.AppStore|iPhoneSimulator.Build.0 = AppStore|iPhoneSimulator
		{CA5FAF3E-0392-4A4D-9BE7-A186F4D37AC2}.AppStore|x64.ActiveCfg = AppStore|iPhone
		{CA5FAF3E-0392-4A4D-9BE7-A186F4D37AC2}.AppStore|x86.ActiveCfg = AppStore|iPhone
		{CA5FAF3E-0392-4A4D-9BE7-A186F4D37AC2}.Debug|Any CPU.ActiveCfg = Debug|iPhone
		{CA5FAF3E-0392-4A4D-9BE7-A186F4D37AC2}.Debug|ARM.ActiveCfg = Debug|iPhone
		{CA5FAF3E-0392-4A4D-9BE7-A186F4D37AC2}.Debug|iPhone.ActiveCfg = Debug|iPhone
		{CA5FAF3E-0392-4A4D-9BE7-A186F4D37AC2}.Debug|iPhone.Build.0 = Debug|iPhone
		{CA5FAF3E-0392-4A4D-9BE7-A186F4D37AC2}.Debug|iPhoneSimulator.ActiveCfg = Debug|iPhoneSimulator
		{CA5FAF3E-0392-4A4D-9BE7-A186F4D37AC2}.Debug|iPhoneSimulator.Build.0 = Debug|iPhoneSimulator
		{CA5FAF3E-0392-4A4D-9BE7-A186F4D37AC2}.Debug|x64.ActiveCfg = Debug|iPhone
		{CA5FAF3E-0392-4A4D-9BE7-A186F4D37AC2}.Debug|x86.ActiveCfg = Debug|iPhone
		{CA5FAF3E-0392-4A4D-9BE7-A186F4D37AC2}.Release|Any CPU.ActiveCfg = Release|iPhone
		{CA5FAF3E-0392-4A4D-9BE7-A186F4D37AC2}.Release|ARM.ActiveCfg = Release|iPhone
		{CA5FAF3E-0392-4A4D-9BE7-A186F4D37AC2}.Release|iPhone.ActiveCfg = Release|iPhone
		{CA5FAF3E-0392-4A4D-9BE7-A186F4D37AC2}.Release|iPhone.Build.0 = Release|iPhone
		{CA5FAF3E-0392-4A4D-9BE7-A186F4D37AC2}.Release|iPhoneSimulator.ActiveCfg = Release|iPhoneSimulator
		{CA5FAF3E-0392-4A4D-9BE7-A186F4D37AC2}.Release|iPhoneSimulator.Build.0 = Release|iPhoneSimulator
		{CA5FAF3E-0392-4A4D-9BE7-A186F4D37AC2}.Release|x64.ActiveCfg = Release|iPhone
		{CA5FAF3E-0392-4A4D-9BE7-A186F4D37AC2}.Release|x86.ActiveCfg = Release|iPhone
	EndGlobalSection
	GlobalSection(SolutionProperties) = preSolution
		HideSolutionNode = FALSE
	EndGlobalSection
EndGlobal
